<?xml version="1.0" encoding="utf-8"?>
<Project ToolsVersion="4.0" xmlns="http://schemas.microsoft.com/developer/msbuild/2003">
  <ItemGroup>
    <Filter Include="소스 파일">
      <UniqueIdentifier>{4FC737F1-C7A5-4376-A066-2A32D752A2FF}</UniqueIdentifier>
      <Extensions>cpp;c;cc;cxx;c++;cppm;ixx;def;odl;idl;hpj;bat;asm;asmx</Extensions>
    </Filter>
    <Filter Include="헤더 파일">
      <UniqueIdentifier>{93995380-89BD-4b04-88EB-625FBE52EBFB}</UniqueIdentifier>
      <Extensions>h;hh;hpp;hxx;h++;hm;inl;inc;ipp;xsd</Extensions>
    </Filter>
    <Filter Include="리소스 파일">
      <UniqueIdentifier>{67DA6AB6-F800-4c08-8B7A-83BB121AAD01}</UniqueIdentifier>
      <Extensions>rc;ico;cur;bmp;dlg;rc2;rct;bin;rgs;gif;jpg;jpeg;jpe;resx;tiff;tif;png;wav;mfcribbon-ms</Extensions>
    </Filter>
    <Filter Include="소스 파일\yangcode">
      <UniqueIdentifier>{e2e61e06-00a3-4a3b-b645-c587b393d99a}</UniqueIdentifier>
    </Filter>
    <Filter Include="소스 파일\inflearn">
      <UniqueIdentifier>{19cfaf29-a2fa-4cba-be9d-c58ed9372e4c}</UniqueIdentifier>
    </Filter>
    <Filter Include="소스 파일\other">
      <UniqueIdentifier>{b557306c-1b93-4d93-8aeb-27608f8645bc}</UniqueIdentifier>
    </Filter>
    <Filter Include="소스 파일\자료구조">
      <UniqueIdentifier>{33b92e71-018e-42af-8fbd-3eea652c7ae0}</UniqueIdentifier>
    </Filter>
    <Filter Include="소스 파일\고급C">
      <UniqueIdentifier>{0b270cb7-2cac-423e-9d70-df1296094242}</UniqueIdentifier>
    </Filter>
  </ItemGroup>
  <ItemGroup>
    <ClCompile Include="y_274.c">
      <Filter>소스 파일\yangcode</Filter>
    </ClCompile>
    <ClCompile Include="y_273.c">
      <Filter>소스 파일\yangcode</Filter>
    </ClCompile>
    <ClCompile Include="y_272.c">
      <Filter>소스 파일\yangcode</Filter>
    </ClCompile>
    <ClCompile Include="y_267.c">
      <Filter>소스 파일\yangcode</Filter>
    </ClCompile>
    <ClCompile Include="y_266.c">
      <Filter>소스 파일\yangcode</Filter>
    </ClCompile>
    <ClCompile Include="y_265.c">
      <Filter>소스 파일\yangcode</Filter>
    </ClCompile>
    <ClCompile Include="dynamicCoin.c">
      <Filter>소스 파일\inflearn</Filter>
    </ClCompile>
    <ClCompile Include="test01.c">
      <Filter>소스 파일\other</Filter>
    </ClCompile>
    <ClCompile Include="test02.c">
      <Filter>소스 파일\other</Filter>
    </ClCompile>
    <ClCompile Include="dp01.cpp">
      <Filter>소스 파일\inflearn</Filter>
    </ClCompile>
    <ClCompile Include="dp02.cpp">
      <Filter>소스 파일\inflearn</Filter>
    </ClCompile>
    <ClCompile Include="p01.c">
      <Filter>소스 파일\자료구조</Filter>
    </ClCompile>
    <ClCompile Include="p02.c">
      <Filter>소스 파일\자료구조</Filter>
    </ClCompile>
    <ClCompile Include="p03.c">
      <Filter>소스 파일\자료구조</Filter>
    </ClCompile>
    <ClCompile Include="p04.c">
      <Filter>소스 파일\자료구조</Filter>
    </ClCompile>
    <ClCompile Include="p05.c">
      <Filter>소스 파일\자료구조</Filter>
    </ClCompile>
    <ClCompile Include="p06.c">
      <Filter>소스 파일\자료구조</Filter>
    </ClCompile>
    <ClCompile Include="p0.7.c">
      <Filter>소스 파일\자료구조</Filter>
    </ClCompile>
    <ClCompile Include="p08.c">
      <Filter>소스 파일\자료구조</Filter>
    </ClCompile>
    <ClCompile Include="9-1.c">
      <Filter>소스 파일\고급C</Filter>
    </ClCompile>
    <ClCompile Include="9-2.c">
      <Filter>소스 파일\고급C</Filter>
    </ClCompile>
    <ClCompile Include="9-3.c">
      <Filter>소스 파일\고급C</Filter>
    </ClCompile>
    <ClCompile Include="9-4.c">
      <Filter>소스 파일\고급C</Filter>
    </ClCompile>
    <ClCompile Include="9-5.c">
      <Filter>소스 파일\고급C</Filter>
    </ClCompile>
    <ClCompile Include="9-6.c">
      <Filter>소스 파일\고급C</Filter>
    </ClCompile>
    <ClCompile Include="9-7.c">
      <Filter>소스 파일\고급C</Filter>
    </ClCompile>
    <ClCompile Include="9-8.c">
      <Filter>소스 파일\고급C</Filter>
    </ClCompile>
    <ClCompile Include="9-9.c">
      <Filter>소스 파일\고급C</Filter>
    </ClCompile>
    <ClCompile Include="9-10%28유클리드알고리즘%29.c">
      <Filter>소스 파일\고급C</Filter>
    </ClCompile>
  </ItemGroup>
</Project>